// !$*UTF8*$!
{
	archiveVersion = 1;
	classes = {
	};
	objectVersion = 46;
	objects = {

/* Begin PBXBuildFile section */
		00C2358C162EF98400DBBE14 /* UIKit.framework in Frameworks */ = {isa = PBXBuildFile; fileRef = 00C2358B162EF98400DBBE14 /* UIKit.framework */; };
		00C2358E162EF98400DBBE14 /* Foundation.framework in Frameworks */ = {isa = PBXBuildFile; fileRef = 00C2358D162EF98400DBBE14 /* Foundation.framework */; };
		00C23590162EF98400DBBE14 /* CoreGraphics.framework in Frameworks */ = {isa = PBXBuildFile; fileRef = 00C2358F162EF98400DBBE14 /* CoreGraphics.framework */; };
		00C23596162EF98400DBBE14 /* InfoPlist.strings in Resources */ = {isa = PBXBuildFile; fileRef = 00C23594162EF98400DBBE14 /* InfoPlist.strings */; };
		00C23598162EF98400DBBE14 /* main.m in Sources */ = {isa = PBXBuildFile; fileRef = 00C23597162EF98400DBBE14 /* main.m */; };
		00C2359C162EF98400DBBE14 /* AppDelegate.m in Sources */ = {isa = PBXBuildFile; fileRef = 00C2359B162EF98400DBBE14 /* AppDelegate.m */; };
		00C2359E162EF98400DBBE14 /* Default.png in Resources */ = {isa = PBXBuildFile; fileRef = 00C2359D162EF98400DBBE14 /* Default.png */; };
		00C235A0162EF98400DBBE14 /* Default@2x.png in Resources */ = {isa = PBXBuildFile; fileRef = 00C2359F162EF98400DBBE14 /* Default@2x.png */; };
		00C235A2162EF98400DBBE14 /* Default-568h@2x.png in Resources */ = {isa = PBXBuildFile; fileRef = 00C235A1162EF98400DBBE14 /* Default-568h@2x.png */; };
		00C235A5162EF98400DBBE14 /* ViewController.m in Sources */ = {isa = PBXBuildFile; fileRef = 00C235A4162EF98400DBBE14 /* ViewController.m */; };
		00C235A8162EF98400DBBE14 /* ViewController.xib in Resources */ = {isa = PBXBuildFile; fileRef = 00C235A6162EF98400DBBE14 /* ViewController.xib */; };
/* End PBXBuildFile section */

/* Begin PBXFileReference section */
		00C23587162EF98400DBBE14 /* PushyExample.app */ = {isa = PBXFileReference; explicitFileType = wrapper.application; includeInIndex = 0; path = PushyExample.app; sourceTree = BUILT_PRODUCTS_DIR; };
		00C2358B162EF98400DBBE14 /* UIKit.framework */ = {isa = PBXFileReference; lastKnownFileType = wrapper.framework; name = UIKit.framework; path = System/Library/Frameworks/UIKit.framework; sourceTree = SDKROOT; };
		00C2358D162EF98400DBBE14 /* Foundation.framework */ = {isa = PBXFileReference; lastKnownFileType = wrapper.framework; name = Foundation.framework; path = System/Library/Frameworks/Foundation.framework; sourceTree = SDKROOT; };
		00C2358F162EF98400DBBE14 /* CoreGraphics.framework */ = {isa = PBXFileReference; lastKnownFileType = wrapper.framework; name = CoreGraphics.framework; path = System/Library/Frameworks/CoreGraphics.framework; sourceTree = SDKROOT; };
		00C23593162EF98400DBBE14 /* PushyExample-Info.plist */ = {isa = PBXFileReference; lastKnownFileType = text.plist.xml; path = "PushyExample-Info.plist"; sourceTree = "<group>"; };
		00C23595162EF98400DBBE14 /* en */ = {isa = PBXFileReference; lastKnownFileType = text.plist.strings; name = en; path = en.lproj/InfoPlist.strings; sourceTree = "<group>"; };
		00C23597162EF98400DBBE14 /* main.m */ = {isa = PBXFileReference; lastKnownFileType = sourcecode.c.objc; path = main.m; sourceTree = "<group>"; };
		00C23599162EF98400DBBE14 /* PushyExample-Prefix.pch */ = {isa = PBXFileReference; lastKnownFileType = sourcecode.c.h; path = "PushyExample-Prefix.pch"; sourceTree = "<group>"; };
		00C2359A162EF98400DBBE14 /* AppDelegate.h */ = {isa = PBXFileReference; lastKnownFileType = sourcecode.c.h; path = AppDelegate.h; sourceTree = "<group>"; };
		00C2359B162EF98400DBBE14 /* AppDelegate.m */ = {isa = PBXFileReference; lastKnownFileType = sourcecode.c.objc; path = AppDelegate.m; sourceTree = "<group>"; };
		00C2359D162EF98400DBBE14 /* Default.png */ = {isa = PBXFileReference; lastKnownFileType = image.png; path = Default.png; sourceTree = "<group>"; };
		00C2359F162EF98400DBBE14 /* Default@2x.png */ = {isa = PBXFileReference; lastKnownFileType = image.png; path = "Default@2x.png"; sourceTree = "<group>"; };
		00C235A1162EF98400DBBE14 /* Default-568h@2x.png */ = {isa = PBXFileReference; lastKnownFileType = image.png; path = "Default-568h@2x.png"; sourceTree = "<group>"; };
		00C235A3162EF98400DBBE14 /* ViewController.h */ = {isa = PBXFileReference; lastKnownFileType = sourcecode.c.h; path = ViewController.h; sourceTree = "<group>"; };
		00C235A4162EF98400DBBE14 /* ViewController.m */ = {isa = PBXFileReference; lastKnownFileType = sourcecode.c.objc; path = ViewController.m; sourceTree = "<group>"; };
		00C235A7162EF98400DBBE14 /* en */ = {isa = PBXFileReference; lastKnownFileType = file.xib; name = en; path = en.lproj/ViewController.xib; sourceTree = "<group>"; };
/* End PBXFileReference section */

/* Begin PBXFrameworksBuildPhase section */
		00C23584162EF98400DBBE14 /* Frameworks */ = {
			isa = PBXFrameworksBuildPhase;
			buildActionMask = 2147483647;
			files = (
				00C2358C162EF98400DBBE14 /* UIKit.framework in Frameworks */,
				00C2358E162EF98400DBBE14 /* Foundation.framework in Frameworks */,
				00C23590162EF98400DBBE14 /* CoreGraphics.framework in Frameworks */,
			);
			runOnlyForDeploymentPostprocessing = 0;
		};
/* End PBXFrameworksBuildPhase section */

/* Begin PBXGroup section */
		00C2357C162EF98400DBBE14 = {
			isa = PBXGroup;
			children = (
				00C23591162EF98400DBBE14 /* PushyExample */,
				00C2358A162EF98400DBBE14 /* Frameworks */,
				00C23588162EF98400DBBE14 /* Products */,
			);
			sourceTree = "<group>";
		};
		00C23588162EF98400DBBE14 /* Products */ = {
			isa = PBXGroup;
			children = (
				00C23587162EF98400DBBE14 /* PushyExample.app */,
			);
			name = Products;
			sourceTree = "<group>";
		};
		00C2358A162EF98400DBBE14 /* Frameworks */ = {
			isa = PBXGroup;
			children = (
				00C2358B162EF98400DBBE14 /* UIKit.framework */,
				00C2358D162EF98400DBBE14 /* Foundation.framework */,
				00C2358F162EF98400DBBE14 /* CoreGraphics.framework */,
			);
			name = Frameworks;
			sourceTree = "<group>";
		};
		00C23591162EF98400DBBE14 /* PushyExample */ = {
			isa = PBXGroup;
			children = (
				00C2359A162EF98400DBBE14 /* AppDelegate.h */,
				00C2359B162EF98400DBBE14 /* AppDelegate.m */,
				00C235A3162EF98400DBBE14 /* ViewController.h */,
				00C235A4162EF98400DBBE14 /* ViewController.m */,
				00C235A6162EF98400DBBE14 /* ViewController.xib */,
				00C23592162EF98400DBBE14 /* Supporting Files */,
			);
			path = PushyExample;
			sourceTree = "<group>";
		};
		00C23592162EF98400DBBE14 /* Supporting Files */ = {
			isa = PBXGroup;
			children = (
				00C23593162EF98400DBBE14 /* PushyExample-Info.plist */,
				00C23594162EF98400DBBE14 /* InfoPlist.strings */,
				00C23597162EF98400DBBE14 /* main.m */,
				00C23599162EF98400DBBE14 /* PushyExample-Prefix.pch */,
				00C2359D162EF98400DBBE14 /* Default.png */,
				00C2359F162EF98400DBBE14 /* Default@2x.png */,
				00C235A1162EF98400DBBE14 /* Default-568h@2x.png */,
			);
			name = "Supporting Files";
			sourceTree = "<group>";
		};
/* End PBXGroup section */

/* Begin PBXNativeTarget section */
		00C23586162EF98400DBBE14 /* PushyExample */ = {
			isa = PBXNativeTarget;
			buildConfigurationList = 00C235AB162EF98400DBBE14 /* Build configuration list for PBXNativeTarget "PushyExample" */;
			buildPhases = (
				00C23583162EF98400DBBE14 /* Sources */,
				00C23584162EF98400DBBE14 /* Frameworks */,
				00C23585162EF98400DBBE14 /* Resources */,
			);
			buildRules = (
			);
			dependencies = (
			);
			name = PushyExample;
			productName = PushyExample;
			productReference = 00C23587162EF98400DBBE14 /* PushyExample.app */;
			productType = "com.apple.product-type.application";
		};
/* End PBXNativeTarget section */

/* Begin PBXProject section */
		00C2357E162EF98400DBBE14 /* Project object */ = {
			isa = PBXProject;
			attributes = {
				LastUpgradeCheck = 0450;
				ORGANIZATIONNAME = "iParty Mobile";
			};
			buildConfigurationList = 00C23581162EF98400DBBE14 /* Build configuration list for PBXProject "PushyExample" */;
			compatibilityVersion = "Xcode 3.2";
			developmentRegion = English;
			hasScannedForEncodings = 0;
			knownRegions = (
				en,
			);
			mainGroup = 00C2357C162EF98400DBBE14;
			productRefGroup = 00C23588162EF98400DBBE14 /* Products */;
			projectDirPath = "";
			projectRoot = "";
			targets = (
				00C23586162EF98400DBBE14 /* PushyExample */,
			);
		};
/* End PBXProject section */

/* Begin PBXResourcesBuildPhase section */
		00C23585162EF98400DBBE14 /* Resources */ = {
			isa = PBXResourcesBuildPhase;
			buildActionMask = 2147483647;
			files = (
				00C23596162EF98400DBBE14 /* InfoPlist.strings in Resources */,
				00C2359E162EF98400DBBE14 /* Default.png in Resources */,
				00C235A0162EF98400DBBE14 /* Default@2x.png in Resources */,
				00C235A2162EF98400DBBE14 /* Default-568h@2x.png in Resources */,
				00C235A8162EF98400DBBE14 /* ViewController.xib in Resources */,
			);
			runOnlyForDeploymentPostprocessing = 0;
		};
/* End PBXResourcesBuildPhase section */

/* Begin PBXSourcesBuildPhase section */
		00C23583162EF98400DBBE14 /* Sources */ = {
			isa = PBXSourcesBuildPhase;
			buildActionMask = 2147483647;
			files = (
				00C23598162EF98400DBBE14 /* main.m in Sources */,
				00C2359C162EF98400DBBE14 /* AppDelegate.m in Sources */,
				00C235A5162EF98400DBBE14 /* ViewController.m in Sources */,
			);
			runOnlyForDeploymentPostprocessing = 0;
		};
/* End PBXSourcesBuildPhase section */

/* Begin PBXVariantGroup section */
		00C23594162EF98400DBBE14 /* InfoPlist.strings */ = {
			isa = PBXVariantGroup;
			children = (
				00C23595162EF98400DBBE14 /* en */,
			);
			name = InfoPlist.strings;
			sourceTree = "<group>";
		};
		00C235A6162EF98400DBBE14 /* ViewController.xib */ = {
			isa = PBXVariantGroup;
			children = (
				00C235A7162EF98400DBBE14 /* en */,
			);
			name = ViewController.xib;
			sourceTree = "<group>";
		};
/* End PBXVariantGroup section */

/* Begin XCBuildConfiguration section */
		00C235A9162EF98400DBBE14 /* Debug */ = {
			isa = XCBuildConfiguration;
			buildSettings = {
				ALWAYS_SEARCH_USER_PATHS = NO;
				CLANG_CXX_LANGUAGE_STANDARD = "gnu++0x";
				CLANG_CXX_LIBRARY = "libc++";
				CLANG_WARN_EMPTY_BODY = YES;
				CLANG_WARN__DUPLICATE_METHOD_MATCH = YES;
				"CODE_SIGN_IDENTITY[sdk=iphoneos*]" = "iPhone Developer";
				COPY_PHASE_STRIP = NO;
				GCC_C_LANGUAGE_STANDARD = gnu99;
				GCC_DYNAMIC_NO_PIC = NO;
				GCC_OPTIMIZATION_LEVEL = 0;
				GCC_PREPROCESSOR_DEFINITIONS = (
					"DEBUG=1",
					"$(inherited)",
				);
				GCC_SYMBOLS_PRIVATE_EXTERN = NO;
				GCC_WARN_ABOUT_RETURN_TYPE = YES;
				GCC_WARN_UNINITIALIZED_AUTOS = YES;
				GCC_WARN_UNUSED_VARIABLE = YES;
				IPHONEOS_DEPLOYMENT_TARGET = 6.0;
				ONLY_ACTIVE_ARCH = YES;
				SDKROOT = iphoneos;
			};
			name = Debug;
		};
		00C235AA162EF98400DBBE14 /* Release */ = {
			isa = XCBuildConfiguration;
			buildSettings = {
				ALWAYS_SEARCH_USER_PATHS = NO;
				CLANG_CXX_LANGUAGE_STANDARD = "gnu++0x";
				CLANG_CXX_LIBRARY = "libc++";
				CLANG_WARN_EMPTY_BODY = YES;
				CLANG_WARN__DUPLICATE_METHOD_MATCH = YES;
				"CODE_SIGN_IDENTITY[sdk=iphoneos*]" = "iPhone Developer";
				COPY_PHASE_STRIP = YES;
				GCC_C_LANGUAGE_STANDARD = gnu99;
				GCC_WARN_ABOUT_RETURN_TYPE = YES;
				GCC_WARN_UNINITIALIZED_AUTOS = YES;
				GCC_WARN_UNUSED_VARIABLE = YES;
				IPHONEOS_DEPLOYMENT_TARGET = 6.0;
				OTHER_CFLAGS = "-DNS_BLOCK_ASSERTIONS=1";
				SDKROOT = iphoneos;
				VALIDATE_PRODUCT = YES;
			};
			name = Release;
		};
		00C235AC162EF98400DBBE14 /* Debug */ = {
			isa = XCBuildConfiguration;
			buildSettings = {
				GCC_PRECOMPILE_PREFIX_HEADER = YES;
				GCC_PREFIX_HEADER = "PushyExample/PushyExample-Prefix.pch";
				INFOPLIST_FILE = "PushyExample/PushyExample-Info.plist";
				PRODUCT_NAME = "$(TARGET_NAME)";
				WRAPPER_EXTENSION = app;
			};
			name = Debug;
		};
		00C235AD162EF98400DBBE14 /* Release */ = {
			isa = XCBuildConfiguration;
			buildSettings = {
				GCC_PRECOMPILE_PREFIX_HEADER = YES;
				GCC_PREFIX_HEADER = "PushyExample/PushyExample-Prefix.pch";
				INFOPLIST_FILE = "PushyExample/PushyExample-Info.plist";
				PRODUCT_NAME = "$(TARGET_NAME)";
				WRAPPER_EXTENSION = app;
			};
			name = Release;
		};
/* End XCBuildConfiguration section */

/* Begin XCConfigurationList section */
		00C23581162EF98400DBBE14 /* Build configuration list for PBXProject "PushyExample" */ = {
			isa = XCConfigurationList;
			buildConfigurations = (
				00C235A9162EF98400DBBE14 /* Debug */,
				00C235AA162EF98400DBBE14 /* Release */,
			);
			defaultConfigurationIsVisible = 0;
			defaultConfigurationName = Release;
		};
		00C235AB162EF98400DBBE14 /* Build configuration list for PBXNativeTarget "PushyExample" */ = {
			isa = XCConfigurationList;
			buildConfigurations = (
				00C235AC162EF98400DBBE14 /* Debug */,
				00C235AD162EF98400DBBE14 /* Release */,
			);
			defaultConfigurationIsVisible = 0;
		};
/* End XCConfigurationList section */
	};
	rootObject = 00C2357E162EF98400DBBE14 /* Project object */;
}
