// !$*UTF8*$!
{
	archiveVersion = 1;
	classes = {
	};
	objectVersion = 46;
	objects = {

/* Begin PBXBuildFile section */
		00C2358C162EF98400DBBE14 /* UIKit.framework in Frameworks */ = {isa = PBXBuildFile; fileRef = 00C2358B162EF98400DBBE14 /* UIKit.framework */; };
		00C2358E162EF98400DBBE14 /* Foundation.framework in Frameworks */ = {isa = PBXBuildFile; fileRef = 00C2358D162EF98400DBBE14 /* Foundation.framework */; };
		00C23590162EF98400DBBE14 /* CoreGraphics.framework in Frameworks */ = {isa = PBXBuildFile; fileRef = 00C2358F162EF98400DBBE14 /* CoreGraphics.framework */; };
		00C23596162EF98400DBBE14 /* InfoPlist.strings in Resources */ = {isa = PBXBuildFile; fileRef = 00C23594162EF98400DBBE14 /* InfoPlist.strings */; };
		00C23598162EF98400DBBE14 /* main.m in Sources */ = {isa = PBXBuildFile; fileRef = 00C23597162EF98400DBBE14 /* main.m */; };
		00C2359C162EF98400DBBE14 /* AppDelegate.m in Sources */ = {isa = PBXBuildFile; fileRef = 00C2359B162EF98400DBBE14 /* AppDelegate.m */; };
		00C2359E162EF98400DBBE14 /* Default.png in Resources */ = {isa = PBXBuildFile; fileRef = 00C2359D162EF98400DBBE14 /* Default.png */; };
		00C235A0162EF98400DBBE14 /* Default@2x.png in Resources */ = {isa = PBXBuildFile; fileRef = 00C2359F162EF98400DBBE14 /* Default@2x.png */; };
		00C235A2162EF98400DBBE14 /* Default-568h@2x.png in Resources */ = {isa = PBXBuildFile; fileRef = 00C235A1162EF98400DBBE14 /* Default-568h@2x.png */; };
		00C235A5162EF98400DBBE14 /* ViewController.m in Sources */ = {isa = PBXBuildFile; fileRef = 00C235A4162EF98400DBBE14 /* ViewController.m */; };
		00C235A8162EF98400DBBE14 /* ViewController.xib in Resources */ = {isa = PBXBuildFile; fileRef = 00C235A6162EF98400DBBE14 /* ViewController.xib */; };
		00C235B3162EF9B600DBBE14 /* NSStringData+AES.m in Sources */ = {isa = PBXBuildFile; fileRef = 00C235AF162EF9B600DBBE14 /* NSStringData+AES.m */; };
		00C235B4162EF9B600DBBE14 /* PushyNotificationService.m in Sources */ = {isa = PBXBuildFile; fileRef = 00C235B2162EF9B600DBBE14 /* PushyNotificationService.m */; };
		00C235CA162EF9D200DBBE14 /* ASIAuthenticationDialog.m in Sources */ = {isa = PBXBuildFile; fileRef = 00C235B7162EF9D200DBBE14 /* ASIAuthenticationDialog.m */; };
		00C235CB162EF9D200DBBE14 /* ASIDataCompressor.m in Sources */ = {isa = PBXBuildFile; fileRef = 00C235BA162EF9D200DBBE14 /* ASIDataCompressor.m */; };
		00C235CC162EF9D200DBBE14 /* ASIDataDecompressor.m in Sources */ = {isa = PBXBuildFile; fileRef = 00C235BC162EF9D200DBBE14 /* ASIDataDecompressor.m */; };
		00C235CD162EF9D200DBBE14 /* ASIDownloadCache.m in Sources */ = {isa = PBXBuildFile; fileRef = 00C235BE162EF9D200DBBE14 /* ASIDownloadCache.m */; };
		00C235CE162EF9D200DBBE14 /* ASIFormDataRequest.m in Sources */ = {isa = PBXBuildFile; fileRef = 00C235C0162EF9D200DBBE14 /* ASIFormDataRequest.m */; };
		00C235CF162EF9D200DBBE14 /* ASIHTTPRequest.m in Sources */ = {isa = PBXBuildFile; fileRef = 00C235C2162EF9D200DBBE14 /* ASIHTTPRequest.m */; };
		00C235D0162EF9D200DBBE14 /* ASIInputStream.m in Sources */ = {isa = PBXBuildFile; fileRef = 00C235C6162EF9D200DBBE14 /* ASIInputStream.m */; };
		00C235D1162EF9D200DBBE14 /* ASINetworkQueue.m in Sources */ = {isa = PBXBuildFile; fileRef = 00C235C8162EF9D200DBBE14 /* ASINetworkQueue.m */; };
		00C235D4162EFB1D00DBBE14 /* Reachability.m in Sources */ = {isa = PBXBuildFile; fileRef = 00C235D3162EFB1D00DBBE14 /* Reachability.m */; };
		00C235D6162EFB5200DBBE14 /* CFNetwork.framework in Frameworks */ = {isa = PBXBuildFile; fileRef = 00C235D5162EFB5200DBBE14 /* CFNetwork.framework */; };
		00C235D8162EFB6200DBBE14 /* libz.dylib in Frameworks */ = {isa = PBXBuildFile; fileRef = 00C235D7162EFB6200DBBE14 /* libz.dylib */; };
		00C235DA162EFB8500DBBE14 /* SystemConfiguration.framework in Frameworks */ = {isa = PBXBuildFile; fileRef = 00C235D9162EFB8500DBBE14 /* SystemConfiguration.framework */; };
		00C235DC162EFBBB00DBBE14 /* MobileCoreServices.framework in Frameworks */ = {isa = PBXBuildFile; fileRef = 00C235DB162EFBBB00DBBE14 /* MobileCoreServices.framework */; };
		00C235DE162F04ED00DBBE14 /* README.md in Resources */ = {isa = PBXBuildFile; fileRef = 00C235DD162F04ED00DBBE14 /* README.md */; };
/* End PBXBuildFile section */

/* Begin PBXFileReference section */
		00C23587162EF98400DBBE14 /* PushyExample.app */ = {isa = PBXFileReference; explicitFileType = wrapper.application; includeInIndex = 0; path = PushyExample.app; sourceTree = BUILT_PRODUCTS_DIR; };
		00C2358B162EF98400DBBE14 /* UIKit.framework */ = {isa = PBXFileReference; lastKnownFileType = wrapper.framework; name = UIKit.framework; path = System/Library/Frameworks/UIKit.framework; sourceTree = SDKROOT; };
		00C2358D162EF98400DBBE14 /* Foundation.framework */ = {isa = PBXFileReference; lastKnownFileType = wrapper.framework; name = Foundation.framework; path = System/Library/Frameworks/Foundation.framework; sourceTree = SDKROOT; };
		00C2358F162EF98400DBBE14 /* CoreGraphics.framework */ = {isa = PBXFileReference; lastKnownFileType = wrapper.framework; name = CoreGraphics.framework; path = System/Library/Frameworks/CoreGraphics.framework; sourceTree = SDKROOT; };
		00C23593162EF98400DBBE14 /* PushyExample-Info.plist */ = {isa = PBXFileReference; lastKnownFileType = text.plist.xml; path = "PushyExample-Info.plist"; sourceTree = "<group>"; };
		00C23595162EF98400DBBE14 /* en */ = {isa = PBXFileReference; lastKnownFileType = text.plist.strings; name = en; path = en.lproj/InfoPlist.strings; sourceTree = "<group>"; };
		00C23597162EF98400DBBE14 /* main.m */ = {isa = PBXFileReference; lastKnownFileType = sourcecode.c.objc; path = main.m; sourceTree = "<group>"; };
		00C23599162EF98400DBBE14 /* PushyExample-Prefix.pch */ = {isa = PBXFileReference; lastKnownFileType = sourcecode.c.h; path = "PushyExample-Prefix.pch"; sourceTree = "<group>"; };
		00C2359A162EF98400DBBE14 /* AppDelegate.h */ = {isa = PBXFileReference; lastKnownFileType = sourcecode.c.h; path = AppDelegate.h; sourceTree = "<group>"; };
		00C2359B162EF98400DBBE14 /* AppDelegate.m */ = {isa = PBXFileReference; lastKnownFileType = sourcecode.c.objc; path = AppDelegate.m; sourceTree = "<group>"; };
		00C2359D162EF98400DBBE14 /* Default.png */ = {isa = PBXFileReference; lastKnownFileType = image.png; path = Default.png; sourceTree = "<group>"; };
		00C2359F162EF98400DBBE14 /* Default@2x.png */ = {isa = PBXFileReference; lastKnownFileType = image.png; path = "Default@2x.png"; sourceTree = "<group>"; };
		00C235A1162EF98400DBBE14 /* Default-568h@2x.png */ = {isa = PBXFileReference; lastKnownFileType = image.png; path = "Default-568h@2x.png"; sourceTree = "<group>"; };
		00C235A3162EF98400DBBE14 /* ViewController.h */ = {isa = PBXFileReference; lastKnownFileType = sourcecode.c.h; path = ViewController.h; sourceTree = "<group>"; };
		00C235A4162EF98400DBBE14 /* ViewController.m */ = {isa = PBXFileReference; lastKnownFileType = sourcecode.c.objc; path = ViewController.m; sourceTree = "<group>"; };
		00C235A7162EF98400DBBE14 /* en */ = {isa = PBXFileReference; lastKnownFileType = file.xib; name = en; path = en.lproj/ViewController.xib; sourceTree = "<group>"; };
		00C235AF162EF9B600DBBE14 /* NSStringData+AES.m */ = {isa = PBXFileReference; fileEncoding = 4; lastKnownFileType = sourcecode.c.objc; path = "NSStringData+AES.m"; sourceTree = "<group>"; };
		00C235B0162EF9B600DBBE14 /* NSStringData+AES.h */ = {isa = PBXFileReference; fileEncoding = 4; lastKnownFileType = sourcecode.c.h; path = "NSStringData+AES.h"; sourceTree = "<group>"; };
		00C235B1162EF9B600DBBE14 /* PushyNotificationService.h */ = {isa = PBXFileReference; fileEncoding = 4; lastKnownFileType = sourcecode.c.h; path = PushyNotificationService.h; sourceTree = "<group>"; };
		00C235B2162EF9B600DBBE14 /* PushyNotificationService.m */ = {isa = PBXFileReference; fileEncoding = 4; lastKnownFileType = sourcecode.c.objc; path = PushyNotificationService.m; sourceTree = "<group>"; };
		00C235B6162EF9D200DBBE14 /* ASIAuthenticationDialog.h */ = {isa = PBXFileReference; fileEncoding = 4; lastKnownFileType = sourcecode.c.h; path = ASIAuthenticationDialog.h; sourceTree = "<group>"; };
		00C235B7162EF9D200DBBE14 /* ASIAuthenticationDialog.m */ = {isa = PBXFileReference; fileEncoding = 4; lastKnownFileType = sourcecode.c.objc; path = ASIAuthenticationDialog.m; sourceTree = "<group>"; };
		00C235B8162EF9D200DBBE14 /* ASICacheDelegate.h */ = {isa = PBXFileReference; fileEncoding = 4; lastKnownFileType = sourcecode.c.h; path = ASICacheDelegate.h; sourceTree = "<group>"; };
		00C235B9162EF9D200DBBE14 /* ASIDataCompressor.h */ = {isa = PBXFileReference; fileEncoding = 4; lastKnownFileType = sourcecode.c.h; path = ASIDataCompressor.h; sourceTree = "<group>"; };
		00C235BA162EF9D200DBBE14 /* ASIDataCompressor.m */ = {isa = PBXFileReference; fileEncoding = 4; lastKnownFileType = sourcecode.c.objc; path = ASIDataCompressor.m; sourceTree = "<group>"; };
		00C235BB162EF9D200DBBE14 /* ASIDataDecompressor.h */ = {isa = PBXFileReference; fileEncoding = 4; lastKnownFileType = sourcecode.c.h; path = ASIDataDecompressor.h; sourceTree = "<group>"; };
		00C235BC162EF9D200DBBE14 /* ASIDataDecompressor.m */ = {isa = PBXFileReference; fileEncoding = 4; lastKnownFileType = sourcecode.c.objc; path = ASIDataDecompressor.m; sourceTree = "<group>"; };
		00C235BD162EF9D200DBBE14 /* ASIDownloadCache.h */ = {isa = PBXFileReference; fileEncoding = 4; lastKnownFileType = sourcecode.c.h; path = ASIDownloadCache.h; sourceTree = "<group>"; };
		00C235BE162EF9D200DBBE14 /* ASIDownloadCache.m */ = {isa = PBXFileReference; fileEncoding = 4; lastKnownFileType = sourcecode.c.objc; path = ASIDownloadCache.m; sourceTree = "<group>"; };
		00C235BF162EF9D200DBBE14 /* ASIFormDataRequest.h */ = {isa = PBXFileReference; fileEncoding = 4; lastKnownFileType = sourcecode.c.h; path = ASIFormDataRequest.h; sourceTree = "<group>"; };
		00C235C0162EF9D200DBBE14 /* ASIFormDataRequest.m */ = {isa = PBXFileReference; fileEncoding = 4; lastKnownFileType = sourcecode.c.objc; path = ASIFormDataRequest.m; sourceTree = "<group>"; };
		00C235C1162EF9D200DBBE14 /* ASIHTTPRequest.h */ = {isa = PBXFileReference; fileEncoding = 4; lastKnownFileType = sourcecode.c.h; path = ASIHTTPRequest.h; sourceTree = "<group>"; };
		00C235C2162EF9D200DBBE14 /* ASIHTTPRequest.m */ = {isa = PBXFileReference; fileEncoding = 4; lastKnownFileType = sourcecode.c.objc; path = ASIHTTPRequest.m; sourceTree = "<group>"; };
		00C235C3162EF9D200DBBE14 /* ASIHTTPRequestConfig.h */ = {isa = PBXFileReference; fileEncoding = 4; lastKnownFileType = sourcecode.c.h; path = ASIHTTPRequestConfig.h; sourceTree = "<group>"; };
		00C235C4162EF9D200DBBE14 /* ASIHTTPRequestDelegate.h */ = {isa = PBXFileReference; fileEncoding = 4; lastKnownFileType = sourcecode.c.h; path = ASIHTTPRequestDelegate.h; sourceTree = "<group>"; };
		00C235C5162EF9D200DBBE14 /* ASIInputStream.h */ = {isa = PBXFileReference; fileEncoding = 4; lastKnownFileType = sourcecode.c.h; path = ASIInputStream.h; sourceTree = "<group>"; };
		00C235C6162EF9D200DBBE14 /* ASIInputStream.m */ = {isa = PBXFileReference; fileEncoding = 4; lastKnownFileType = sourcecode.c.objc; path = ASIInputStream.m; sourceTree = "<group>"; };
		00C235C7162EF9D200DBBE14 /* ASINetworkQueue.h */ = {isa = PBXFileReference; fileEncoding = 4; lastKnownFileType = sourcecode.c.h; path = ASINetworkQueue.h; sourceTree = "<group>"; };
		00C235C8162EF9D200DBBE14 /* ASINetworkQueue.m */ = {isa = PBXFileReference; fileEncoding = 4; lastKnownFileType = sourcecode.c.objc; path = ASINetworkQueue.m; sourceTree = "<group>"; };
		00C235C9162EF9D200DBBE14 /* ASIProgressDelegate.h */ = {isa = PBXFileReference; fileEncoding = 4; lastKnownFileType = sourcecode.c.h; path = ASIProgressDelegate.h; sourceTree = "<group>"; };
		00C235D2162EFB1D00DBBE14 /* Reachability.h */ = {isa = PBXFileReference; fileEncoding = 4; lastKnownFileType = sourcecode.c.h; path = Reachability.h; sourceTree = "<group>"; };
		00C235D3162EFB1D00DBBE14 /* Reachability.m */ = {isa = PBXFileReference; fileEncoding = 4; lastKnownFileType = sourcecode.c.objc; path = Reachability.m; sourceTree = "<group>"; };
		00C235D5162EFB5200DBBE14 /* CFNetwork.framework */ = {isa = PBXFileReference; lastKnownFileType = wrapper.framework; name = CFNetwork.framework; path = System/Library/Frameworks/CFNetwork.framework; sourceTree = SDKROOT; };
		00C235D7162EFB6200DBBE14 /* libz.dylib */ = {isa = PBXFileReference; lastKnownFileType = "compiled.mach-o.dylib"; name = libz.dylib; path = usr/lib/libz.dylib; sourceTree = SDKROOT; };
		00C235D9162EFB8500DBBE14 /* SystemConfiguration.framework */ = {isa = PBXFileReference; lastKnownFileType = wrapper.framework; name = SystemConfiguration.framework; path = System/Library/Frameworks/SystemConfiguration.framework; sourceTree = SDKROOT; };
		00C235DB162EFBBB00DBBE14 /* MobileCoreServices.framework */ = {isa = PBXFileReference; lastKnownFileType = wrapper.framework; name = MobileCoreServices.framework; path = System/Library/Frameworks/MobileCoreServices.framework; sourceTree = SDKROOT; };
		00C235DD162F04ED00DBBE14 /* README.md */ = {isa = PBXFileReference; fileEncoding = 4; lastKnownFileType = text; path = README.md; sourceTree = SOURCE_ROOT; };
/* End PBXFileReference section */

/* Begin PBXFrameworksBuildPhase section */
		00C23584162EF98400DBBE14 /* Frameworks */ = {
			isa = PBXFrameworksBuildPhase;
			buildActionMask = 2147483647;
			files = (
				00C235DC162EFBBB00DBBE14 /* MobileCoreServices.framework in Frameworks */,
				00C235DA162EFB8500DBBE14 /* SystemConfiguration.framework in Frameworks */,
				00C235D8162EFB6200DBBE14 /* libz.dylib in Frameworks */,
				00C235D6162EFB5200DBBE14 /* CFNetwork.framework in Frameworks */,
				00C2358C162EF98400DBBE14 /* UIKit.framework in Frameworks */,
				00C2358E162EF98400DBBE14 /* Foundation.framework in Frameworks */,
				00C23590162EF98400DBBE14 /* CoreGraphics.framework in Frameworks */,
			);
			runOnlyForDeploymentPostprocessing = 0;
		};
/* End PBXFrameworksBuildPhase section */

/* Begin PBXGroup section */
		00C2357C162EF98400DBBE14 = {
			isa = PBXGroup;
			children = (
				00C23591162EF98400DBBE14 /* PushyExample */,
				00C2358A162EF98400DBBE14 /* Frameworks */,
				00C23588162EF98400DBBE14 /* Products */,
			);
			sourceTree = "<group>";
		};
		00C23588162EF98400DBBE14 /* Products */ = {
			isa = PBXGroup;
			children = (
				00C23587162EF98400DBBE14 /* PushyExample.app */,
			);
			name = Products;
			sourceTree = "<group>";
		};
		00C2358A162EF98400DBBE14 /* Frameworks */ = {
			isa = PBXGroup;
			children = (
				00C235DB162EFBBB00DBBE14 /* MobileCoreServices.framework */,
				00C235D9162EFB8500DBBE14 /* SystemConfiguration.framework */,
				00C235D7162EFB6200DBBE14 /* libz.dylib */,
				00C235D5162EFB5200DBBE14 /* CFNetwork.framework */,
				00C2358B162EF98400DBBE14 /* UIKit.framework */,
				00C2358D162EF98400DBBE14 /* Foundation.framework */,
				00C2358F162EF98400DBBE14 /* CoreGraphics.framework */,
			);
			name = Frameworks;
			sourceTree = "<group>";
		};
		00C23591162EF98400DBBE14 /* PushyExample */ = {
			isa = PBXGroup;
			children = (
				00C235B5162EF9C200DBBE14 /* ASIHTTP */,
				00C235AE162EF9A700DBBE14 /* Pushy */,
				00C2359A162EF98400DBBE14 /* AppDelegate.h */,
				00C2359B162EF98400DBBE14 /* AppDelegate.m */,
				00C235A3162EF98400DBBE14 /* ViewController.h */,
				00C235A4162EF98400DBBE14 /* ViewController.m */,
				00C235A6162EF98400DBBE14 /* ViewController.xib */,
				00C23592162EF98400DBBE14 /* Supporting Files */,
			);
			path = PushyExample;
			sourceTree = "<group>";
		};
		00C23592162EF98400DBBE14 /* Supporting Files */ = {
			isa = PBXGroup;
			children = (
				00C235DD162F04ED00DBBE14 /* README.md */,
				00C23593162EF98400DBBE14 /* PushyExample-Info.plist */,
				00C23594162EF98400DBBE14 /* InfoPlist.strings */,
				00C23597162EF98400DBBE14 /* main.m */,
				00C23599162EF98400DBBE14 /* PushyExample-Prefix.pch */,
				00C2359D162EF98400DBBE14 /* Default.png */,
				00C2359F162EF98400DBBE14 /* Default@2x.png */,
				00C235A1162EF98400DBBE14 /* Default-568h@2x.png */,
			);
			name = "Supporting Files";
			sourceTree = "<group>";
		};
		00C235AE162EF9A700DBBE14 /* Pushy */ = {
			isa = PBXGroup;
			children = (
				00C235AF162EF9B600DBBE14 /* NSStringData+AES.m */,
				00C235B0162EF9B600DBBE14 /* NSStringData+AES.h */,
				00C235B1162EF9B600DBBE14 /* PushyNotificationService.h */,
				00C235B2162EF9B600DBBE14 /* PushyNotificationService.m */,
			);
			name = Pushy;
			sourceTree = "<group>";
		};
		00C235B5162EF9C200DBBE14 /* ASIHTTP */ = {
			isa = PBXGroup;
			children = (
				00C235D2162EFB1D00DBBE14 /* Reachability.h */,
				00C235D3162EFB1D00DBBE14 /* Reachability.m */,
				00C235B6162EF9D200DBBE14 /* ASIAuthenticationDialog.h */,
				00C235B7162EF9D200DBBE14 /* ASIAuthenticationDialog.m */,
				00C235B8162EF9D200DBBE14 /* ASICacheDelegate.h */,
				00C235B9162EF9D200DBBE14 /* ASIDataCompressor.h */,
				00C235BA162EF9D200DBBE14 /* ASIDataCompressor.m */,
				00C235BB162EF9D200DBBE14 /* ASIDataDecompressor.h */,
				00C235BC162EF9D200DBBE14 /* ASIDataDecompressor.m */,
				00C235BD162EF9D200DBBE14 /* ASIDownloadCache.h */,
				00C235BE162EF9D200DBBE14 /* ASIDownloadCache.m */,
				00C235BF162EF9D200DBBE14 /* ASIFormDataRequest.h */,
				00C235C0162EF9D200DBBE14 /* ASIFormDataRequest.m */,
				00C235C1162EF9D200DBBE14 /* ASIHTTPRequest.h */,
				00C235C2162EF9D200DBBE14 /* ASIHTTPRequest.m */,
				00C235C3162EF9D200DBBE14 /* ASIHTTPRequestConfig.h */,
				00C235C4162EF9D200DBBE14 /* ASIHTTPRequestDelegate.h */,
				00C235C5162EF9D200DBBE14 /* ASIInputStream.h */,
				00C235C6162EF9D200DBBE14 /* ASIInputStream.m */,
				00C235C7162EF9D200DBBE14 /* ASINetworkQueue.h */,
				00C235C8162EF9D200DBBE14 /* ASINetworkQueue.m */,
				00C235C9162EF9D200DBBE14 /* ASIProgressDelegate.h */,
			);
			name = ASIHTTP;
			sourceTree = "<group>";
		};
/* End PBXGroup section */

/* Begin PBXNativeTarget section */
		00C23586162EF98400DBBE14 /* PushyExample */ = {
			isa = PBXNativeTarget;
			buildConfigurationList = 00C235AB162EF98400DBBE14 /* Build configuration list for PBXNativeTarget "PushyExample" */;
			buildPhases = (
				00C23583162EF98400DBBE14 /* Sources */,
				00C23584162EF98400DBBE14 /* Frameworks */,
				00C23585162EF98400DBBE14 /* Resources */,
			);
			buildRules = (
			);
			dependencies = (
			);
			name = PushyExample;
			productName = PushyExample;
			productReference = 00C23587162EF98400DBBE14 /* PushyExample.app */;
			productType = "com.apple.product-type.application";
		};
/* End PBXNativeTarget section */

/* Begin PBXProject section */
		00C2357E162EF98400DBBE14 /* Project object */ = {
			isa = PBXProject;
			attributes = {
				LastUpgradeCheck = 0450;
				ORGANIZATIONNAME = "iParty Mobile";
			};
			buildConfigurationList = 00C23581162EF98400DBBE14 /* Build configuration list for PBXProject "PushyExample" */;
			compatibilityVersion = "Xcode 3.2";
			developmentRegion = English;
			hasScannedForEncodings = 0;
			knownRegions = (
				en,
			);
			mainGroup = 00C2357C162EF98400DBBE14;
			productRefGroup = 00C23588162EF98400DBBE14 /* Products */;
			projectDirPath = "";
			projectRoot = "";
			targets = (
				00C23586162EF98400DBBE14 /* PushyExample */,
			);
		};
/* End PBXProject section */

/* Begin PBXResourcesBuildPhase section */
		00C23585162EF98400DBBE14 /* Resources */ = {
			isa = PBXResourcesBuildPhase;
			buildActionMask = 2147483647;
			files = (
				00C23596162EF98400DBBE14 /* InfoPlist.strings in Resources */,
				00C2359E162EF98400DBBE14 /* Default.png in Resources */,
				00C235A0162EF98400DBBE14 /* Default@2x.png in Resources */,
				00C235A2162EF98400DBBE14 /* Default-568h@2x.png in Resources */,
				00C235A8162EF98400DBBE14 /* ViewController.xib in Resources */,
				00C235DE162F04ED00DBBE14 /* README.md in Resources */,
			);
			runOnlyForDeploymentPostprocessing = 0;
		};
/* End PBXResourcesBuildPhase section */

/* Begin PBXSourcesBuildPhase section */
		00C23583162EF98400DBBE14 /* Sources */ = {
			isa = PBXSourcesBuildPhase;
			buildActionMask = 2147483647;
			files = (
				00C23598162EF98400DBBE14 /* main.m in Sources */,
				00C2359C162EF98400DBBE14 /* AppDelegate.m in Sources */,
				00C235A5162EF98400DBBE14 /* ViewController.m in Sources */,
				00C235B3162EF9B600DBBE14 /* NSStringData+AES.m in Sources */,
				00C235B4162EF9B600DBBE14 /* PushyNotificationService.m in Sources */,
				00C235CA162EF9D200DBBE14 /* ASIAuthenticationDialog.m in Sources */,
				00C235CB162EF9D200DBBE14 /* ASIDataCompressor.m in Sources */,
				00C235CC162EF9D200DBBE14 /* ASIDataDecompressor.m in Sources */,
				00C235CD162EF9D200DBBE14 /* ASIDownloadCache.m in Sources */,
				00C235CE162EF9D200DBBE14 /* ASIFormDataRequest.m in Sources */,
				00C235CF162EF9D200DBBE14 /* ASIHTTPRequest.m in Sources */,
				00C235D0162EF9D200DBBE14 /* ASIInputStream.m in Sources */,
				00C235D1162EF9D200DBBE14 /* ASINetworkQueue.m in Sources */,
				00C235D4162EFB1D00DBBE14 /* Reachability.m in Sources */,
			);
			runOnlyForDeploymentPostprocessing = 0;
		};
/* End PBXSourcesBuildPhase section */

/* Begin PBXVariantGroup section */
		00C23594162EF98400DBBE14 /* InfoPlist.strings */ = {
			isa = PBXVariantGroup;
			children = (
				00C23595162EF98400DBBE14 /* en */,
			);
			name = InfoPlist.strings;
			sourceTree = "<group>";
		};
		00C235A6162EF98400DBBE14 /* ViewController.xib */ = {
			isa = PBXVariantGroup;
			children = (
				00C235A7162EF98400DBBE14 /* en */,
			);
			name = ViewController.xib;
			sourceTree = "<group>";
		};
/* End PBXVariantGroup section */

/* Begin XCBuildConfiguration section */
		00C235A9162EF98400DBBE14 /* Debug */ = {
			isa = XCBuildConfiguration;
			buildSettings = {
				ALWAYS_SEARCH_USER_PATHS = NO;
				CLANG_CXX_LANGUAGE_STANDARD = "gnu++0x";
				CLANG_CXX_LIBRARY = "libc++";
				CLANG_WARN_EMPTY_BODY = YES;
				CLANG_WARN__DUPLICATE_METHOD_MATCH = YES;
				"CODE_SIGN_IDENTITY[sdk=iphoneos*]" = "iPhone Developer";
				COPY_PHASE_STRIP = NO;
				GCC_C_LANGUAGE_STANDARD = gnu99;
				GCC_DYNAMIC_NO_PIC = NO;
				GCC_OPTIMIZATION_LEVEL = 0;
				GCC_PREPROCESSOR_DEFINITIONS = (
					"DEBUG=1",
					"$(inherited)",
				);
				GCC_SYMBOLS_PRIVATE_EXTERN = NO;
				GCC_WARN_ABOUT_RETURN_TYPE = YES;
				GCC_WARN_UNINITIALIZED_AUTOS = YES;
				GCC_WARN_UNUSED_VARIABLE = YES;
				IPHONEOS_DEPLOYMENT_TARGET = 6.0;
				ONLY_ACTIVE_ARCH = YES;
				SDKROOT = iphoneos;
			};
			name = Debug;
		};
		00C235AA162EF98400DBBE14 /* Release */ = {
			isa = XCBuildConfiguration;
			buildSettings = {
				ALWAYS_SEARCH_USER_PATHS = NO;
				CLANG_CXX_LANGUAGE_STANDARD = "gnu++0x";
				CLANG_CXX_LIBRARY = "libc++";
				CLANG_WARN_EMPTY_BODY = YES;
				CLANG_WARN__DUPLICATE_METHOD_MATCH = YES;
				"CODE_SIGN_IDENTITY[sdk=iphoneos*]" = "iPhone Developer";
				COPY_PHASE_STRIP = YES;
				GCC_C_LANGUAGE_STANDARD = gnu99;
				GCC_WARN_ABOUT_RETURN_TYPE = YES;
				GCC_WARN_UNINITIALIZED_AUTOS = YES;
				GCC_WARN_UNUSED_VARIABLE = YES;
				IPHONEOS_DEPLOYMENT_TARGET = 6.0;
				OTHER_CFLAGS = "-DNS_BLOCK_ASSERTIONS=1";
				SDKROOT = iphoneos;
				VALIDATE_PRODUCT = YES;
			};
			name = Release;
		};
		00C235AC162EF98400DBBE14 /* Debug */ = {
			isa = XCBuildConfiguration;
			buildSettings = {
				GCC_PRECOMPILE_PREFIX_HEADER = YES;
				GCC_PREFIX_HEADER = "PushyExample/PushyExample-Prefix.pch";
				INFOPLIST_FILE = "PushyExample/PushyExample-Info.plist";
				PRODUCT_NAME = "$(TARGET_NAME)";
				WRAPPER_EXTENSION = app;
			};
			name = Debug;
		};
		00C235AD162EF98400DBBE14 /* Release */ = {
			isa = XCBuildConfiguration;
			buildSettings = {
				GCC_PRECOMPILE_PREFIX_HEADER = YES;
				GCC_PREFIX_HEADER = "PushyExample/PushyExample-Prefix.pch";
				INFOPLIST_FILE = "PushyExample/PushyExample-Info.plist";
				PRODUCT_NAME = "$(TARGET_NAME)";
				WRAPPER_EXTENSION = app;
			};
			name = Release;
		};
/* End XCBuildConfiguration section */

/* Begin XCConfigurationList section */
		00C23581162EF98400DBBE14 /* Build configuration list for PBXProject "PushyExample" */ = {
			isa = XCConfigurationList;
			buildConfigurations = (
				00C235A9162EF98400DBBE14 /* Debug */,
				00C235AA162EF98400DBBE14 /* Release */,
			);
			defaultConfigurationIsVisible = 0;
			defaultConfigurationName = Release;
		};
		00C235AB162EF98400DBBE14 /* Build configuration list for PBXNativeTarget "PushyExample" */ = {
			isa = XCConfigurationList;
			buildConfigurations = (
				00C235AC162EF98400DBBE14 /* Debug */,
				00C235AD162EF98400DBBE14 /* Release */,
			);
			defaultConfigurationIsVisible = 0;
		};
/* End XCConfigurationList section */
	};
	rootObject = 00C2357E162EF98400DBBE14 /* Project object */;
}
